
Microsoft Visual Studio Solution File, Format Version 12.00
# Visual Studio Version 17
VisualStudioVersion = 17.11.35327.3
MinimumVisualStudioVersion = 10.0.40219.1
Project("{FAE04EC0-301F-11D3-BF4B-00C04F79EFBC}") = "Encapsulamento", "Encapsulamento\Encapsulamento.csproj", "{FA6A356C-C823-4F63-9BCC-90B8C51DD158}"
EndProject
Global
	GlobalSection(SolutionConfigurationPlatforms) = preSolution
		Debug|Any CPU = Debug|Any CPU
		Release|Any CPU = Release|Any CPU
	EndGlobalSection
	GlobalSection(ProjectConfigurationPlatforms) = postSolution
		{FA6A356C-C823-4F63-9BCC-90B8C51DD158}.Debug|Any CPU.ActiveCfg = Debug|Any CPU
		{FA6A356C-C823-4F63-9BCC-90B8C51DD158}.Debug|Any CPU.Build.0 = Debug|Any CPU
		{FA6A356C-C823-4F63-9BCC-90B8C51DD158}.Release|Any CPU.ActiveCfg = Release|Any CPU
		{FA6A356C-C823-4F63-9BCC-90B8C51DD158}.Release|Any CPU.Build.0 = Release|Any CPU
	EndGlobalSection
	GlobalSection(SolutionProperties) = preSolution
		HideSolutionNode = FALSE
	EndGlobalSection
	GlobalSection(ExtensibilityGlobals) = postSolution
		SolutionGuid = {F116BBB0-9FF4-45D6-B082-3391DC6B1666}
	EndGlobalSection
EndGlobal
